
Microsoft Visual Studio Solution File, Format Version 12.00
# Visual Studio Version 17
VisualStudioVersion = 17.8.34511.84
MinimumVisualStudioVersion = 10.0.40219.1
Project("{9A19103F-16F7-4668-BE54-9A1E7A4F7556}") = "Dotcentric.Website", "Dotcentric.Web\Dotcentric.Website.csproj", "{6EEC0E2B-2693-44D6-B219-3398CEB161EA}"
EndProject
Project("{9A19103F-16F7-4668-BE54-9A1E7A4F7556}") = "Dotcentric.Features", "Dotcentric.Features\Dotcentric.Features\Dotcentric.Features.csproj", "{5BE0E03B-6058-4040-83D7-DA8D640FD3D6}"
EndProject
Project("{FAE04EC0-301F-11D3-BF4B-00C04F79EFBC}") = "Dotcentric.Infrastructure", "Dotcentric.Infrastructure\Dotcentric.Infrastructure\Dotcentric.Infrastructure.csproj", "{48287468-0EA3-4D73-8761-D57DC87A94E7}"
EndProject
Global
	GlobalSection(SolutionConfigurationPlatforms) = preSolution
		Debug|Any CPU = Debug|Any CPU
		Release|Any CPU = Release|Any CPU
	EndGlobalSection
	GlobalSection(ProjectConfigurationPlatforms) = postSolution
		{6EEC0E2B-2693-44D6-B219-3398CEB161EA}.Debug|Any CPU.ActiveCfg = Debug|Any CPU
		{6EEC0E2B-2693-44D6-B219-3398CEB161EA}.Debug|Any CPU.Build.0 = Debug|Any CPU
		{6EEC0E2B-2693-44D6-B219-3398CEB161EA}.Release|Any CPU.ActiveCfg = Release|Any CPU
		{6EEC0E2B-2693-44D6-B219-3398CEB161EA}.Release|Any CPU.Build.0 = Release|Any CPU
		{5BE0E03B-6058-4040-83D7-DA8D640FD3D6}.Debug|Any CPU.ActiveCfg = Debug|Any CPU
		{5BE0E03B-6058-4040-83D7-DA8D640FD3D6}.Debug|Any CPU.Build.0 = Debug|Any CPU
		{5BE0E03B-6058-4040-83D7-DA8D640FD3D6}.Release|Any CPU.ActiveCfg = Release|Any CPU
		{5BE0E03B-6058-4040-83D7-DA8D640FD3D6}.Release|Any CPU.Build.0 = Release|Any CPU
		{48287468-0EA3-4D73-8761-D57DC87A94E7}.Debug|Any CPU.ActiveCfg = Debug|Any CPU
		{48287468-0EA3-4D73-8761-D57DC87A94E7}.Debug|Any CPU.Build.0 = Debug|Any CPU
		{48287468-0EA3-4D73-8761-D57DC87A94E7}.Release|Any CPU.ActiveCfg = Release|Any CPU
		{48287468-0EA3-4D73-8761-D57DC87A94E7}.Release|Any CPU.Build.0 = Release|Any CPU
	EndGlobalSection
	GlobalSection(SolutionProperties) = preSolution
		HideSolutionNode = FALSE
	EndGlobalSection
	GlobalSection(ExtensibilityGlobals) = postSolution
		SolutionGuid = {373E7152-3193-4856-9147-BB0DED7C8E1D}
	EndGlobalSection
EndGlobal
